# This file is automatically @generated by Wally.
# It is not intended for manual editing.
registry = "test"

[[package]]
name = "evaera/plasma"
version = "0.4.2"
dependencies = [["TestEZ", "roblox/testez@0.4.1"]]

[[package]]
name = "roblox/testez"
version = "0.4.1"
dependencies = []

[[package]]
name = "theepictwin/nl2-to-roblox-plugin"
version = "2.1.0"
dependencies = [["plasma", "evaera/plasma@0.4.2"]]
